
Microsoft Visual Studio Solution File, Format Version 12.00
# Visual Studio 15
VisualStudioVersion = 15.0.27703.2035
MinimumVisualStudioVersion = 10.0.40219.1
Project("{9A19103F-16F7-4668-BE54-9A1E7A4F7556}") = "NextGraterElement", "NextGraterElement\NextGraterElement.csproj", "{BEBD1F63-A37D-4E1D-AC87-A16D1E33C829}"
EndProject
Project("{9A19103F-16F7-4668-BE54-9A1E7A4F7556}") = "TwoSum", "TwoSum\TwoSum.csproj", "{6BF322B7-FA8B-4CF9-8083-D95F922FC7BE}"
EndProject
Project("{9A19103F-16F7-4668-BE54-9A1E7A4F7556}") = "AddTwoLinkedList", "AddTwoLinkedList\AddTwoLinkedList.csproj", "{70868AB0-B403-4964-AE20-EE7E789176BB}"
EndProject
Project("{9A19103F-16F7-4668-BE54-9A1E7A4F7556}") = "LongestSubstringWithoutRepeatingCharacters", "LongestSubstringWithoutRepeatingCharacters\LongestSubstringWithoutRepeatingCharacters.csproj", "{CDFE584F-2A70-4EA4-AD8F-C3D310E4B6B5}"
EndProject
Project("{9A19103F-16F7-4668-BE54-9A1E7A4F7556}") = "MediadnOfTwoSortedArray", "MediadnOfTwoSortedArray\MediadnOfTwoSortedArray.csproj", "{E6CC1D6E-84CA-4AA3-A6FB-1B9C8E542D4E}"
EndProject
Project("{9A19103F-16F7-4668-BE54-9A1E7A4F7556}") = "LongestPalindromicSubstring", "LongestPalindromicSubstring\LongestPalindromicSubstring.csproj", "{16D07F4B-0222-4340-8C16-4C7FD317DFA6}"
EndProject
Project("{9A19103F-16F7-4668-BE54-9A1E7A4F7556}") = "FirstUniqueCharInString", "FirstUniqueCharInString\FirstUniqueCharInString.csproj", "{C689BF69-9295-410F-897D-9A61FE9D4EDF}"
EndProject
Project("{9A19103F-16F7-4668-BE54-9A1E7A4F7556}") = "ReverseString", "ReverseString\ReverseString.csproj", "{521EA589-8A26-4045-95F5-81D91B0324D1}"
EndProject
Project("{9A19103F-16F7-4668-BE54-9A1E7A4F7556}") = "MaxsizeSubarraySum", "MaxsizeSubarraySum\MaxsizeSubarraySum.csproj", "{A8043F0B-9682-4534-A051-54126E628C98}"
EndProject
Project("{9A19103F-16F7-4668-BE54-9A1E7A4F7556}") = "MoveZeros", "MoveZeros\MoveZeros.csproj", "{B1A24DC9-57BB-4E6A-ACB7-F46707FD25A2}"
EndProject
Project("{9A19103F-16F7-4668-BE54-9A1E7A4F7556}") = "AddBinary", "AddBinary\AddBinary.csproj", "{30F24113-0379-4178-ACB3-D7CEE3F0778F}"
EndProject
Project("{9A19103F-16F7-4668-BE54-9A1E7A4F7556}") = "3Sum", "3Sum\3Sum.csproj", "{923800D9-3484-4F19-BD66-1C738B4C34EC}"
EndProject
Project("{9A19103F-16F7-4668-BE54-9A1E7A4F7556}") = "ValidPalindrome", "ValidPalindrome\ValidPalindrome.csproj", "{C0ED9E4B-0453-40B1-B9A5-A49D5FA77101}"
EndProject
Project("{9A19103F-16F7-4668-BE54-9A1E7A4F7556}") = "MinSizeSubarray", "MinSizeSubarray\MinSizeSubarray.csproj", "{795CAC81-0D2A-42E5-B9D5-84F94FBBFEE6}"
EndProject
Project("{9A19103F-16F7-4668-BE54-9A1E7A4F7556}") = "ValidParentheses", "ValidParentheses\ValidParentheses.csproj", "{9EF2322F-9E65-4375-84FE-39744417FD5F}"
EndProject
Project("{9A19103F-16F7-4668-BE54-9A1E7A4F7556}") = "TrappingRainWater", "TrappingRainWater\TrappingRainWater.csproj", "{A8A7A4B1-B425-4EA3-AAC8-DFEAFA52397B}"
EndProject
Project("{9A19103F-16F7-4668-BE54-9A1E7A4F7556}") = "LinkedListAll", "LinkedListAll\LinkedListAll.csproj", "{53ADD2CD-140D-45C8-AA7E-679006AC315A}"
EndProject
Project("{9A19103F-16F7-4668-BE54-9A1E7A4F7556}") = "TreeAll", "TreeAll\TreeAll.csproj", "{1A1436C3-1802-4BEE-B15A-130BC74FF5BF}"
EndProject
Project("{9A19103F-16F7-4668-BE54-9A1E7A4F7556}") = "BackTracking", "BackTracking\BackTracking.csproj", "{3ED24E4F-9FBB-4978-87C4-D13CCBE83908}"
EndProject
Project("{FAE04EC0-301F-11D3-BF4B-00C04F79EFBC}") = "SortingAndSearching", "SortingAndSearching\SortingAndSearching.csproj", "{A828AE97-0E23-4B25-A03D-2929302C708D}"
EndProject
Project("{FAE04EC0-301F-11D3-BF4B-00C04F79EFBC}") = "DynamicProgramming", "DynamicProgramming\DynamicProgramming.csproj", "{A0073790-A731-4301-9217-F4246832B300}"
EndProject
Project("{FAE04EC0-301F-11D3-BF4B-00C04F79EFBC}") = "Other", "Other\Other.csproj", "{64643929-6FE4-4961-9C40-1D152D13255E}"
EndProject
Global
	GlobalSection(SolutionConfigurationPlatforms) = preSolution
		Debug|Any CPU = Debug|Any CPU
		Debug|ARM = Debug|ARM
		Debug|x64 = Debug|x64
		Debug|x86 = Debug|x86
		Release|Any CPU = Release|Any CPU
		Release|ARM = Release|ARM
		Release|x64 = Release|x64
		Release|x86 = Release|x86
	EndGlobalSection
	GlobalSection(ProjectConfigurationPlatforms) = postSolution
		{BEBD1F63-A37D-4E1D-AC87-A16D1E33C829}.Debug|Any CPU.ActiveCfg = Debug|Any CPU
		{BEBD1F63-A37D-4E1D-AC87-A16D1E33C829}.Debug|Any CPU.Build.0 = Debug|Any CPU
		{BEBD1F63-A37D-4E1D-AC87-A16D1E33C829}.Debug|ARM.ActiveCfg = Debug|Any CPU
		{BEBD1F63-A37D-4E1D-AC87-A16D1E33C829}.Debug|ARM.Build.0 = Debug|Any CPU
		{BEBD1F63-A37D-4E1D-AC87-A16D1E33C829}.Debug|x64.ActiveCfg = Debug|Any CPU
		{BEBD1F63-A37D-4E1D-AC87-A16D1E33C829}.Debug|x64.Build.0 = Debug|Any CPU
		{BEBD1F63-A37D-4E1D-AC87-A16D1E33C829}.Debug|x86.ActiveCfg = Debug|Any CPU
		{BEBD1F63-A37D-4E1D-AC87-A16D1E33C829}.Debug|x86.Build.0 = Debug|Any CPU
		{BEBD1F63-A37D-4E1D-AC87-A16D1E33C829}.Release|Any CPU.ActiveCfg = Release|Any CPU
		{BEBD1F63-A37D-4E1D-AC87-A16D1E33C829}.Release|Any CPU.Build.0 = Release|Any CPU
		{BEBD1F63-A37D-4E1D-AC87-A16D1E33C829}.Release|ARM.ActiveCfg = Release|Any CPU
		{BEBD1F63-A37D-4E1D-AC87-A16D1E33C829}.Release|ARM.Build.0 = Release|Any CPU
		{BEBD1F63-A37D-4E1D-AC87-A16D1E33C829}.Release|x64.ActiveCfg = Release|Any CPU
		{BEBD1F63-A37D-4E1D-AC87-A16D1E33C829}.Release|x64.Build.0 = Release|Any CPU
		{BEBD1F63-A37D-4E1D-AC87-A16D1E33C829}.Release|x86.ActiveCfg = Release|Any CPU
		{BEBD1F63-A37D-4E1D-AC87-A16D1E33C829}.Release|x86.Build.0 = Release|Any CPU
		{6BF322B7-FA8B-4CF9-8083-D95F922FC7BE}.Debug|Any CPU.ActiveCfg = Debug|Any CPU
		{6BF322B7-FA8B-4CF9-8083-D95F922FC7BE}.Debug|Any CPU.Build.0 = Debug|Any CPU
		{6BF322B7-FA8B-4CF9-8083-D95F922FC7BE}.Debug|ARM.ActiveCfg = Debug|Any CPU
		{6BF322B7-FA8B-4CF9-8083-D95F922FC7BE}.Debug|ARM.Build.0 = Debug|Any CPU
		{6BF322B7-FA8B-4CF9-8083-D95F922FC7BE}.Debug|x64.ActiveCfg = Debug|Any CPU
		{6BF322B7-FA8B-4CF9-8083-D95F922FC7BE}.Debug|x64.Build.0 = Debug|Any CPU
		{6BF322B7-FA8B-4CF9-8083-D95F922FC7BE}.Debug|x86.ActiveCfg = Debug|Any CPU
		{6BF322B7-FA8B-4CF9-8083-D95F922FC7BE}.Debug|x86.Build.0 = Debug|Any CPU
		{6BF322B7-FA8B-4CF9-8083-D95F922FC7BE}.Release|Any CPU.ActiveCfg = Release|Any CPU
		{6BF322B7-FA8B-4CF9-8083-D95F922FC7BE}.Release|Any CPU.Build.0 = Release|Any CPU
		{6BF322B7-FA8B-4CF9-8083-D95F922FC7BE}.Release|ARM.ActiveCfg = Release|Any CPU
		{6BF322B7-FA8B-4CF9-8083-D95F922FC7BE}.Release|ARM.Build.0 = Release|Any CPU
		{6BF322B7-FA8B-4CF9-8083-D95F922FC7BE}.Release|x64.ActiveCfg = Release|Any CPU
		{6BF322B7-FA8B-4CF9-8083-D95F922FC7BE}.Release|x64.Build.0 = Release|Any CPU
		{6BF322B7-FA8B-4CF9-8083-D95F922FC7BE}.Release|x86.ActiveCfg = Release|Any CPU
		{6BF322B7-FA8B-4CF9-8083-D95F922FC7BE}.Release|x86.Build.0 = Release|Any CPU
		{70868AB0-B403-4964-AE20-EE7E789176BB}.Debug|Any CPU.ActiveCfg = Debug|Any CPU
		{70868AB0-B403-4964-AE20-EE7E789176BB}.Debug|Any CPU.Build.0 = Debug|Any CPU
		{70868AB0-B403-4964-AE20-EE7E789176BB}.Debug|ARM.ActiveCfg = Debug|Any CPU
		{70868AB0-B403-4964-AE20-EE7E789176BB}.Debug|ARM.Build.0 = Debug|Any CPU
		{70868AB0-B403-4964-AE20-EE7E789176BB}.Debug|x64.ActiveCfg = Debug|Any CPU
		{70868AB0-B403-4964-AE20-EE7E789176BB}.Debug|x64.Build.0 = Debug|Any CPU
		{70868AB0-B403-4964-AE20-EE7E789176BB}.Debug|x86.ActiveCfg = Debug|Any CPU
		{70868AB0-B403-4964-AE20-EE7E789176BB}.Debug|x86.Build.0 = Debug|Any CPU
		{70868AB0-B403-4964-AE20-EE7E789176BB}.Release|Any CPU.ActiveCfg = Release|Any CPU
		{70868AB0-B403-4964-AE20-EE7E789176BB}.Release|Any CPU.Build.0 = Release|Any CPU
		{70868AB0-B403-4964-AE20-EE7E789176BB}.Release|ARM.ActiveCfg = Release|Any CPU
		{70868AB0-B403-4964-AE20-EE7E789176BB}.Release|ARM.Build.0 = Release|Any CPU
		{70868AB0-B403-4964-AE20-EE7E789176BB}.Release|x64.ActiveCfg = Release|Any CPU
		{70868AB0-B403-4964-AE20-EE7E789176BB}.Release|x64.Build.0 = Release|Any CPU
		{70868AB0-B403-4964-AE20-EE7E789176BB}.Release|x86.ActiveCfg = Release|Any CPU
		{70868AB0-B403-4964-AE20-EE7E789176BB}.Release|x86.Build.0 = Release|Any CPU
		{CDFE584F-2A70-4EA4-AD8F-C3D310E4B6B5}.Debug|Any CPU.ActiveCfg = Debug|Any CPU
		{CDFE584F-2A70-4EA4-AD8F-C3D310E4B6B5}.Debug|Any CPU.Build.0 = Debug|Any CPU
		{CDFE584F-2A70-4EA4-AD8F-C3D310E4B6B5}.Debug|ARM.ActiveCfg = Debug|Any CPU
		{CDFE584F-2A70-4EA4-AD8F-C3D310E4B6B5}.Debug|ARM.Build.0 = Debug|Any CPU
		{CDFE584F-2A70-4EA4-AD8F-C3D310E4B6B5}.Debug|x64.ActiveCfg = Debug|Any CPU
		{CDFE584F-2A70-4EA4-AD8F-C3D310E4B6B5}.Debug|x64.Build.0 = Debug|Any CPU
		{CDFE584F-2A70-4EA4-AD8F-C3D310E4B6B5}.Debug|x86.ActiveCfg = Debug|Any CPU
		{CDFE584F-2A70-4EA4-AD8F-C3D310E4B6B5}.Debug|x86.Build.0 = Debug|Any CPU
		{CDFE584F-2A70-4EA4-AD8F-C3D310E4B6B5}.Release|Any CPU.ActiveCfg = Release|Any CPU
		{CDFE584F-2A70-4EA4-AD8F-C3D310E4B6B5}.Release|Any CPU.Build.0 = Release|Any CPU
		{CDFE584F-2A70-4EA4-AD8F-C3D310E4B6B5}.Release|ARM.ActiveCfg = Release|Any CPU
		{CDFE584F-2A70-4EA4-AD8F-C3D310E4B6B5}.Release|ARM.Build.0 = Release|Any CPU
		{CDFE584F-2A70-4EA4-AD8F-C3D310E4B6B5}.Release|x64.ActiveCfg = Release|Any CPU
		{CDFE584F-2A70-4EA4-AD8F-C3D310E4B6B5}.Release|x64.Build.0 = Release|Any CPU
		{CDFE584F-2A70-4EA4-AD8F-C3D310E4B6B5}.Release|x86.ActiveCfg = Release|Any CPU
		{CDFE584F-2A70-4EA4-AD8F-C3D310E4B6B5}.Release|x86.Build.0 = Release|Any CPU
		{E6CC1D6E-84CA-4AA3-A6FB-1B9C8E542D4E}.Debug|Any CPU.ActiveCfg = Debug|Any CPU
		{E6CC1D6E-84CA-4AA3-A6FB-1B9C8E542D4E}.Debug|Any CPU.Build.0 = Debug|Any CPU
		{E6CC1D6E-84CA-4AA3-A6FB-1B9C8E542D4E}.Debug|ARM.ActiveCfg = Debug|Any CPU
		{E6CC1D6E-84CA-4AA3-A6FB-1B9C8E542D4E}.Debug|ARM.Build.0 = Debug|Any CPU
		{E6CC1D6E-84CA-4AA3-A6FB-1B9C8E542D4E}.Debug|x64.ActiveCfg = Debug|Any CPU
		{E6CC1D6E-84CA-4AA3-A6FB-1B9C8E542D4E}.Debug|x64.Build.0 = Debug|Any CPU
		{E6CC1D6E-84CA-4AA3-A6FB-1B9C8E542D4E}.Debug|x86.ActiveCfg = Debug|Any CPU
		{E6CC1D6E-84CA-4AA3-A6FB-1B9C8E542D4E}.Debug|x86.Build.0 = Debug|Any CPU
		{E6CC1D6E-84CA-4AA3-A6FB-1B9C8E542D4E}.Release|Any CPU.ActiveCfg = Release|Any CPU
		{E6CC1D6E-84CA-4AA3-A6FB-1B9C8E542D4E}.Release|Any CPU.Build.0 = Release|Any CPU
		{E6CC1D6E-84CA-4AA3-A6FB-1B9C8E542D4E}.Release|ARM.ActiveCfg = Release|Any CPU
		{E6CC1D6E-84CA-4AA3-A6FB-1B9C8E542D4E}.Release|ARM.Build.0 = Release|Any CPU
		{E6CC1D6E-84CA-4AA3-A6FB-1B9C8E542D4E}.Release|x64.ActiveCfg = Release|Any CPU
		{E6CC1D6E-84CA-4AA3-A6FB-1B9C8E542D4E}.Release|x64.Build.0 = Release|Any CPU
		{E6CC1D6E-84CA-4AA3-A6FB-1B9C8E542D4E}.Release|x86.ActiveCfg = Release|Any CPU
		{E6CC1D6E-84CA-4AA3-A6FB-1B9C8E542D4E}.Release|x86.Build.0 = Release|Any CPU
		{16D07F4B-0222-4340-8C16-4C7FD317DFA6}.Debug|Any CPU.ActiveCfg = Debug|Any CPU
		{16D07F4B-0222-4340-8C16-4C7FD317DFA6}.Debug|Any CPU.Build.0 = Debug|Any CPU
		{16D07F4B-0222-4340-8C16-4C7FD317DFA6}.Debug|ARM.ActiveCfg = Debug|Any CPU
		{16D07F4B-0222-4340-8C16-4C7FD317DFA6}.Debug|ARM.Build.0 = Debug|Any CPU
		{16D07F4B-0222-4340-8C16-4C7FD317DFA6}.Debug|x64.ActiveCfg = Debug|Any CPU
		{16D07F4B-0222-4340-8C16-4C7FD317DFA6}.Debug|x64.Build.0 = Debug|Any CPU
		{16D07F4B-0222-4340-8C16-4C7FD317DFA6}.Debug|x86.ActiveCfg = Debug|Any CPU
		{16D07F4B-0222-4340-8C16-4C7FD317DFA6}.Debug|x86.Build.0 = Debug|Any CPU
		{16D07F4B-0222-4340-8C16-4C7FD317DFA6}.Release|Any CPU.ActiveCfg = Release|Any CPU
		{16D07F4B-0222-4340-8C16-4C7FD317DFA6}.Release|Any CPU.Build.0 = Release|Any CPU
		{16D07F4B-0222-4340-8C16-4C7FD317DFA6}.Release|ARM.ActiveCfg = Release|Any CPU
		{16D07F4B-0222-4340-8C16-4C7FD317DFA6}.Release|ARM.Build.0 = Release|Any CPU
		{16D07F4B-0222-4340-8C16-4C7FD317DFA6}.Release|x64.ActiveCfg = Release|Any CPU
		{16D07F4B-0222-4340-8C16-4C7FD317DFA6}.Release|x64.Build.0 = Release|Any CPU
		{16D07F4B-0222-4340-8C16-4C7FD317DFA6}.Release|x86.ActiveCfg = Release|Any CPU
		{16D07F4B-0222-4340-8C16-4C7FD317DFA6}.Release|x86.Build.0 = Release|Any CPU
		{C689BF69-9295-410F-897D-9A61FE9D4EDF}.Debug|Any CPU.ActiveCfg = Debug|Any CPU
		{C689BF69-9295-410F-897D-9A61FE9D4EDF}.Debug|Any CPU.Build.0 = Debug|Any CPU
		{C689BF69-9295-410F-897D-9A61FE9D4EDF}.Debug|ARM.ActiveCfg = Debug|Any CPU
		{C689BF69-9295-410F-897D-9A61FE9D4EDF}.Debug|ARM.Build.0 = Debug|Any CPU
		{C689BF69-9295-410F-897D-9A61FE9D4EDF}.Debug|x64.ActiveCfg = Debug|Any CPU
		{C689BF69-9295-410F-897D-9A61FE9D4EDF}.Debug|x64.Build.0 = Debug|Any CPU
		{C689BF69-9295-410F-897D-9A61FE9D4EDF}.Debug|x86.ActiveCfg = Debug|Any CPU
		{C689BF69-9295-410F-897D-9A61FE9D4EDF}.Debug|x86.Build.0 = Debug|Any CPU
		{C689BF69-9295-410F-897D-9A61FE9D4EDF}.Release|Any CPU.ActiveCfg = Release|Any CPU
		{C689BF69-9295-410F-897D-9A61FE9D4EDF}.Release|Any CPU.Build.0 = Release|Any CPU
		{C689BF69-9295-410F-897D-9A61FE9D4EDF}.Release|ARM.ActiveCfg = Release|Any CPU
		{C689BF69-9295-410F-897D-9A61FE9D4EDF}.Release|ARM.Build.0 = Release|Any CPU
		{C689BF69-9295-410F-897D-9A61FE9D4EDF}.Release|x64.ActiveCfg = Release|Any CPU
		{C689BF69-9295-410F-897D-9A61FE9D4EDF}.Release|x64.Build.0 = Release|Any CPU
		{C689BF69-9295-410F-897D-9A61FE9D4EDF}.Release|x86.ActiveCfg = Release|Any CPU
		{C689BF69-9295-410F-897D-9A61FE9D4EDF}.Release|x86.Build.0 = Release|Any CPU
		{521EA589-8A26-4045-95F5-81D91B0324D1}.Debug|Any CPU.ActiveCfg = Debug|Any CPU
		{521EA589-8A26-4045-95F5-81D91B0324D1}.Debug|Any CPU.Build.0 = Debug|Any CPU
		{521EA589-8A26-4045-95F5-81D91B0324D1}.Debug|ARM.ActiveCfg = Debug|Any CPU
		{521EA589-8A26-4045-95F5-81D91B0324D1}.Debug|ARM.Build.0 = Debug|Any CPU
		{521EA589-8A26-4045-95F5-81D91B0324D1}.Debug|x64.ActiveCfg = Debug|Any CPU
		{521EA589-8A26-4045-95F5-81D91B0324D1}.Debug|x64.Build.0 = Debug|Any CPU
		{521EA589-8A26-4045-95F5-81D91B0324D1}.Debug|x86.ActiveCfg = Debug|Any CPU
		{521EA589-8A26-4045-95F5-81D91B0324D1}.Debug|x86.Build.0 = Debug|Any CPU
		{521EA589-8A26-4045-95F5-81D91B0324D1}.Release|Any CPU.ActiveCfg = Release|Any CPU
		{521EA589-8A26-4045-95F5-81D91B0324D1}.Release|Any CPU.Build.0 = Release|Any CPU
		{521EA589-8A26-4045-95F5-81D91B0324D1}.Release|ARM.ActiveCfg = Release|Any CPU
		{521EA589-8A26-4045-95F5-81D91B0324D1}.Release|ARM.Build.0 = Release|Any CPU
		{521EA589-8A26-4045-95F5-81D91B0324D1}.Release|x64.ActiveCfg = Release|Any CPU
		{521EA589-8A26-4045-95F5-81D91B0324D1}.Release|x64.Build.0 = Release|Any CPU
		{521EA589-8A26-4045-95F5-81D91B0324D1}.Release|x86.ActiveCfg = Release|Any CPU
		{521EA589-8A26-4045-95F5-81D91B0324D1}.Release|x86.Build.0 = Release|Any CPU
		{A8043F0B-9682-4534-A051-54126E628C98}.Debug|Any CPU.ActiveCfg = Debug|Any CPU
		{A8043F0B-9682-4534-A051-54126E628C98}.Debug|Any CPU.Build.0 = Debug|Any CPU
		{A8043F0B-9682-4534-A051-54126E628C98}.Debug|ARM.ActiveCfg = Debug|Any CPU
		{A8043F0B-9682-4534-A051-54126E628C98}.Debug|ARM.Build.0 = Debug|Any CPU
		{A8043F0B-9682-4534-A051-54126E628C98}.Debug|x64.ActiveCfg = Debug|Any CPU
		{A8043F0B-9682-4534-A051-54126E628C98}.Debug|x64.Build.0 = Debug|Any CPU
		{A8043F0B-9682-4534-A051-54126E628C98}.Debug|x86.ActiveCfg = Debug|Any CPU
		{A8043F0B-9682-4534-A051-54126E628C98}.Debug|x86.Build.0 = Debug|Any CPU
		{A8043F0B-9682-4534-A051-54126E628C98}.Release|Any CPU.ActiveCfg = Release|Any CPU
		{A8043F0B-9682-4534-A051-54126E628C98}.Release|Any CPU.Build.0 = Release|Any CPU
		{A8043F0B-9682-4534-A051-54126E628C98}.Release|ARM.ActiveCfg = Release|Any CPU
		{A8043F0B-9682-4534-A051-54126E628C98}.Release|ARM.Build.0 = Release|Any CPU
		{A8043F0B-9682-4534-A051-54126E628C98}.Release|x64.ActiveCfg = Release|Any CPU
		{A8043F0B-9682-4534-A051-54126E628C98}.Release|x64.Build.0 = Release|Any CPU
		{A8043F0B-9682-4534-A051-54126E628C98}.Release|x86.ActiveCfg = Release|Any CPU
		{A8043F0B-9682-4534-A051-54126E628C98}.Release|x86.Build.0 = Release|Any CPU
		{B1A24DC9-57BB-4E6A-ACB7-F46707FD25A2}.Debug|Any CPU.ActiveCfg = Debug|Any CPU
		{B1A24DC9-57BB-4E6A-ACB7-F46707FD25A2}.Debug|Any CPU.Build.0 = Debug|Any CPU
		{B1A24DC9-57BB-4E6A-ACB7-F46707FD25A2}.Debug|ARM.ActiveCfg = Debug|Any CPU
		{B1A24DC9-57BB-4E6A-ACB7-F46707FD25A2}.Debug|ARM.Build.0 = Debug|Any CPU
		{B1A24DC9-57BB-4E6A-ACB7-F46707FD25A2}.Debug|x64.ActiveCfg = Debug|Any CPU
		{B1A24DC9-57BB-4E6A-ACB7-F46707FD25A2}.Debug|x64.Build.0 = Debug|Any CPU
		{B1A24DC9-57BB-4E6A-ACB7-F46707FD25A2}.Debug|x86.ActiveCfg = Debug|Any CPU
		{B1A24DC9-57BB-4E6A-ACB7-F46707FD25A2}.Debug|x86.Build.0 = Debug|Any CPU
		{B1A24DC9-57BB-4E6A-ACB7-F46707FD25A2}.Release|Any CPU.ActiveCfg = Release|Any CPU
		{B1A24DC9-57BB-4E6A-ACB7-F46707FD25A2}.Release|Any CPU.Build.0 = Release|Any CPU
		{B1A24DC9-57BB-4E6A-ACB7-F46707FD25A2}.Release|ARM.ActiveCfg = Release|Any CPU
		{B1A24DC9-57BB-4E6A-ACB7-F46707FD25A2}.Release|ARM.Build.0 = Release|Any CPU
		{B1A24DC9-57BB-4E6A-ACB7-F46707FD25A2}.Release|x64.ActiveCfg = Release|Any CPU
		{B1A24DC9-57BB-4E6A-ACB7-F46707FD25A2}.Release|x64.Build.0 = Release|Any CPU
		{B1A24DC9-57BB-4E6A-ACB7-F46707FD25A2}.Release|x86.ActiveCfg = Release|Any CPU
		{B1A24DC9-57BB-4E6A-ACB7-F46707FD25A2}.Release|x86.Build.0 = Release|Any CPU
		{30F24113-0379-4178-ACB3-D7CEE3F0778F}.Debug|Any CPU.ActiveCfg = Debug|Any CPU
		{30F24113-0379-4178-ACB3-D7CEE3F0778F}.Debug|Any CPU.Build.0 = Debug|Any CPU
		{30F24113-0379-4178-ACB3-D7CEE3F0778F}.Debug|ARM.ActiveCfg = Debug|Any CPU
		{30F24113-0379-4178-ACB3-D7CEE3F0778F}.Debug|ARM.Build.0 = Debug|Any CPU
		{30F24113-0379-4178-ACB3-D7CEE3F0778F}.Debug|x64.ActiveCfg = Debug|Any CPU
		{30F24113-0379-4178-ACB3-D7CEE3F0778F}.Debug|x64.Build.0 = Debug|Any CPU
		{30F24113-0379-4178-ACB3-D7CEE3F0778F}.Debug|x86.ActiveCfg = Debug|Any CPU
		{30F24113-0379-4178-ACB3-D7CEE3F0778F}.Debug|x86.Build.0 = Debug|Any CPU
		{30F24113-0379-4178-ACB3-D7CEE3F0778F}.Release|Any CPU.ActiveCfg = Release|Any CPU
		{30F24113-0379-4178-ACB3-D7CEE3F0778F}.Release|Any CPU.Build.0 = Release|Any CPU
		{30F24113-0379-4178-ACB3-D7CEE3F0778F}.Release|ARM.ActiveCfg = Release|Any CPU
		{30F24113-0379-4178-ACB3-D7CEE3F0778F}.Release|ARM.Build.0 = Release|Any CPU
		{30F24113-0379-4178-ACB3-D7CEE3F0778F}.Release|x64.ActiveCfg = Release|Any CPU
		{30F24113-0379-4178-ACB3-D7CEE3F0778F}.Release|x64.Build.0 = Release|Any CPU
		{30F24113-0379-4178-ACB3-D7CEE3F0778F}.Release|x86.ActiveCfg = Release|Any CPU
		{30F24113-0379-4178-ACB3-D7CEE3F0778F}.Release|x86.Build.0 = Release|Any CPU
		{923800D9-3484-4F19-BD66-1C738B4C34EC}.Debug|Any CPU.ActiveCfg = Debug|Any CPU
		{923800D9-3484-4F19-BD66-1C738B4C34EC}.Debug|Any CPU.Build.0 = Debug|Any CPU
		{923800D9-3484-4F19-BD66-1C738B4C34EC}.Debug|ARM.ActiveCfg = Debug|Any CPU
		{923800D9-3484-4F19-BD66-1C738B4C34EC}.Debug|ARM.Build.0 = Debug|Any CPU
		{923800D9-3484-4F19-BD66-1C738B4C34EC}.Debug|x64.ActiveCfg = Debug|Any CPU
		{923800D9-3484-4F19-BD66-1C738B4C34EC}.Debug|x64.Build.0 = Debug|Any CPU
		{923800D9-3484-4F19-BD66-1C738B4C34EC}.Debug|x86.ActiveCfg = Debug|Any CPU
		{923800D9-3484-4F19-BD66-1C738B4C34EC}.Debug|x86.Build.0 = Debug|Any CPU
		{923800D9-3484-4F19-BD66-1C738B4C34EC}.Release|Any CPU.ActiveCfg = Release|Any CPU
		{923800D9-3484-4F19-BD66-1C738B4C34EC}.Release|Any CPU.Build.0 = Release|Any CPU
		{923800D9-3484-4F19-BD66-1C738B4C34EC}.Release|ARM.ActiveCfg = Release|Any CPU
		{923800D9-3484-4F19-BD66-1C738B4C34EC}.Release|ARM.Build.0 = Release|Any CPU
		{923800D9-3484-4F19-BD66-1C738B4C34EC}.Release|x64.ActiveCfg = Release|Any CPU
		{923800D9-3484-4F19-BD66-1C738B4C34EC}.Release|x64.Build.0 = Release|Any CPU
		{923800D9-3484-4F19-BD66-1C738B4C34EC}.Release|x86.ActiveCfg = Release|Any CPU
		{923800D9-3484-4F19-BD66-1C738B4C34EC}.Release|x86.Build.0 = Release|Any CPU
		{C0ED9E4B-0453-40B1-B9A5-A49D5FA77101}.Debug|Any CPU.ActiveCfg = Debug|Any CPU
		{C0ED9E4B-0453-40B1-B9A5-A49D5FA77101}.Debug|Any CPU.Build.0 = Debug|Any CPU
		{C0ED9E4B-0453-40B1-B9A5-A49D5FA77101}.Debug|ARM.ActiveCfg = Debug|Any CPU
		{C0ED9E4B-0453-40B1-B9A5-A49D5FA77101}.Debug|ARM.Build.0 = Debug|Any CPU
		{C0ED9E4B-0453-40B1-B9A5-A49D5FA77101}.Debug|x64.ActiveCfg = Debug|Any CPU
		{C0ED9E4B-0453-40B1-B9A5-A49D5FA77101}.Debug|x64.Build.0 = Debug|Any CPU
		{C0ED9E4B-0453-40B1-B9A5-A49D5FA77101}.Debug|x86.ActiveCfg = Debug|Any CPU
		{C0ED9E4B-0453-40B1-B9A5-A49D5FA77101}.Debug|x86.Build.0 = Debug|Any CPU
		{C0ED9E4B-0453-40B1-B9A5-A49D5FA77101}.Release|Any CPU.ActiveCfg = Release|Any CPU
		{C0ED9E4B-0453-40B1-B9A5-A49D5FA77101}.Release|Any CPU.Build.0 = Release|Any CPU
		{C0ED9E4B-0453-40B1-B9A5-A49D5FA77101}.Release|ARM.ActiveCfg = Release|Any CPU
		{C0ED9E4B-0453-40B1-B9A5-A49D5FA77101}.Release|ARM.Build.0 = Release|Any CPU
		{C0ED9E4B-0453-40B1-B9A5-A49D5FA77101}.Release|x64.ActiveCfg = Release|Any CPU
		{C0ED9E4B-0453-40B1-B9A5-A49D5FA77101}.Release|x64.Build.0 = Release|Any CPU
		{C0ED9E4B-0453-40B1-B9A5-A49D5FA77101}.Release|x86.ActiveCfg = Release|Any CPU
		{C0ED9E4B-0453-40B1-B9A5-A49D5FA77101}.Release|x86.Build.0 = Release|Any CPU
		{795CAC81-0D2A-42E5-B9D5-84F94FBBFEE6}.Debug|Any CPU.ActiveCfg = Debug|Any CPU
		{795CAC81-0D2A-42E5-B9D5-84F94FBBFEE6}.Debug|Any CPU.Build.0 = Debug|Any CPU
		{795CAC81-0D2A-42E5-B9D5-84F94FBBFEE6}.Debug|ARM.ActiveCfg = Debug|Any CPU
		{795CAC81-0D2A-42E5-B9D5-84F94FBBFEE6}.Debug|ARM.Build.0 = Debug|Any CPU
		{795CAC81-0D2A-42E5-B9D5-84F94FBBFEE6}.Debug|x64.ActiveCfg = Debug|Any CPU
		{795CAC81-0D2A-42E5-B9D5-84F94FBBFEE6}.Debug|x64.Build.0 = Debug|Any CPU
		{795CAC81-0D2A-42E5-B9D5-84F94FBBFEE6}.Debug|x86.ActiveCfg = Debug|Any CPU
		{795CAC81-0D2A-42E5-B9D5-84F94FBBFEE6}.Debug|x86.Build.0 = Debug|Any CPU
		{795CAC81-0D2A-42E5-B9D5-84F94FBBFEE6}.Release|Any CPU.ActiveCfg = Release|Any CPU
		{795CAC81-0D2A-42E5-B9D5-84F94FBBFEE6}.Release|Any CPU.Build.0 = Release|Any CPU
		{795CAC81-0D2A-42E5-B9D5-84F94FBBFEE6}.Release|ARM.ActiveCfg = Release|Any CPU
		{795CAC81-0D2A-42E5-B9D5-84F94FBBFEE6}.Release|ARM.Build.0 = Release|Any CPU
		{795CAC81-0D2A-42E5-B9D5-84F94FBBFEE6}.Release|x64.ActiveCfg = Release|Any CPU
		{795CAC81-0D2A-42E5-B9D5-84F94FBBFEE6}.Release|x64.Build.0 = Release|Any CPU
		{795CAC81-0D2A-42E5-B9D5-84F94FBBFEE6}.Release|x86.ActiveCfg = Release|Any CPU
		{795CAC81-0D2A-42E5-B9D5-84F94FBBFEE6}.Release|x86.Build.0 = Release|Any CPU
		{9EF2322F-9E65-4375-84FE-39744417FD5F}.Debug|Any CPU.ActiveCfg = Debug|Any CPU
		{9EF2322F-9E65-4375-84FE-39744417FD5F}.Debug|Any CPU.Build.0 = Debug|Any CPU
		{9EF2322F-9E65-4375-84FE-39744417FD5F}.Debug|ARM.ActiveCfg = Debug|Any CPU
		{9EF2322F-9E65-4375-84FE-39744417FD5F}.Debug|ARM.Build.0 = Debug|Any CPU
		{9EF2322F-9E65-4375-84FE-39744417FD5F}.Debug|x64.ActiveCfg = Debug|Any CPU
		{9EF2322F-9E65-4375-84FE-39744417FD5F}.Debug|x64.Build.0 = Debug|Any CPU
		{9EF2322F-9E65-4375-84FE-39744417FD5F}.Debug|x86.ActiveCfg = Debug|Any CPU
		{9EF2322F-9E65-4375-84FE-39744417FD5F}.Debug|x86.Build.0 = Debug|Any CPU
		{9EF2322F-9E65-4375-84FE-39744417FD5F}.Release|Any CPU.ActiveCfg = Release|Any CPU
		{9EF2322F-9E65-4375-84FE-39744417FD5F}.Release|Any CPU.Build.0 = Release|Any CPU
		{9EF2322F-9E65-4375-84FE-39744417FD5F}.Release|ARM.ActiveCfg = Release|Any CPU
		{9EF2322F-9E65-4375-84FE-39744417FD5F}.Release|ARM.Build.0 = Release|Any CPU
		{9EF2322F-9E65-4375-84FE-39744417FD5F}.Release|x64.ActiveCfg = Release|Any CPU
		{9EF2322F-9E65-4375-84FE-39744417FD5F}.Release|x64.Build.0 = Release|Any CPU
		{9EF2322F-9E65-4375-84FE-39744417FD5F}.Release|x86.ActiveCfg = Release|Any CPU
		{9EF2322F-9E65-4375-84FE-39744417FD5F}.Release|x86.Build.0 = Release|Any CPU
		{A8A7A4B1-B425-4EA3-AAC8-DFEAFA52397B}.Debug|Any CPU.ActiveCfg = Debug|Any CPU
		{A8A7A4B1-B425-4EA3-AAC8-DFEAFA52397B}.Debug|Any CPU.Build.0 = Debug|Any CPU
		{A8A7A4B1-B425-4EA3-AAC8-DFEAFA52397B}.Debug|ARM.ActiveCfg = Debug|Any CPU
		{A8A7A4B1-B425-4EA3-AAC8-DFEAFA52397B}.Debug|ARM.Build.0 = Debug|Any CPU
		{A8A7A4B1-B425-4EA3-AAC8-DFEAFA52397B}.Debug|x64.ActiveCfg = Debug|Any CPU
		{A8A7A4B1-B425-4EA3-AAC8-DFEAFA52397B}.Debug|x64.Build.0 = Debug|Any CPU
		{A8A7A4B1-B425-4EA3-AAC8-DFEAFA52397B}.Debug|x86.ActiveCfg = Debug|Any CPU
		{A8A7A4B1-B425-4EA3-AAC8-DFEAFA52397B}.Debug|x86.Build.0 = Debug|Any CPU
		{A8A7A4B1-B425-4EA3-AAC8-DFEAFA52397B}.Release|Any CPU.ActiveCfg = Release|Any CPU
		{A8A7A4B1-B425-4EA3-AAC8-DFEAFA52397B}.Release|Any CPU.Build.0 = Release|Any CPU
		{A8A7A4B1-B425-4EA3-AAC8-DFEAFA52397B}.Release|ARM.ActiveCfg = Release|Any CPU
		{A8A7A4B1-B425-4EA3-AAC8-DFEAFA52397B}.Release|ARM.Build.0 = Release|Any CPU
		{A8A7A4B1-B425-4EA3-AAC8-DFEAFA52397B}.Release|x64.ActiveCfg = Release|Any CPU
		{A8A7A4B1-B425-4EA3-AAC8-DFEAFA52397B}.Release|x64.Build.0 = Release|Any CPU
		{A8A7A4B1-B425-4EA3-AAC8-DFEAFA52397B}.Release|x86.ActiveCfg = Release|Any CPU
		{A8A7A4B1-B425-4EA3-AAC8-DFEAFA52397B}.Release|x86.Build.0 = Release|Any CPU
		{53ADD2CD-140D-45C8-AA7E-679006AC315A}.Debug|Any CPU.ActiveCfg = Debug|Any CPU
		{53ADD2CD-140D-45C8-AA7E-679006AC315A}.Debug|Any CPU.Build.0 = Debug|Any CPU
		{53ADD2CD-140D-45C8-AA7E-679006AC315A}.Debug|ARM.ActiveCfg = Debug|Any CPU
		{53ADD2CD-140D-45C8-AA7E-679006AC315A}.Debug|ARM.Build.0 = Debug|Any CPU
		{53ADD2CD-140D-45C8-AA7E-679006AC315A}.Debug|x64.ActiveCfg = Debug|Any CPU
		{53ADD2CD-140D-45C8-AA7E-679006AC315A}.Debug|x64.Build.0 = Debug|Any CPU
		{53ADD2CD-140D-45C8-AA7E-679006AC315A}.Debug|x86.ActiveCfg = Debug|Any CPU
		{53ADD2CD-140D-45C8-AA7E-679006AC315A}.Debug|x86.Build.0 = Debug|Any CPU
		{53ADD2CD-140D-45C8-AA7E-679006AC315A}.Release|Any CPU.ActiveCfg = Release|Any CPU
		{53ADD2CD-140D-45C8-AA7E-679006AC315A}.Release|Any CPU.Build.0 = Release|Any CPU
		{53ADD2CD-140D-45C8-AA7E-679006AC315A}.Release|ARM.ActiveCfg = Release|Any CPU
		{53ADD2CD-140D-45C8-AA7E-679006AC315A}.Release|ARM.Build.0 = Release|Any CPU
		{53ADD2CD-140D-45C8-AA7E-679006AC315A}.Release|x64.ActiveCfg = Release|Any CPU
		{53ADD2CD-140D-45C8-AA7E-679006AC315A}.Release|x64.Build.0 = Release|Any CPU
		{53ADD2CD-140D-45C8-AA7E-679006AC315A}.Release|x86.ActiveCfg = Release|Any CPU
		{53ADD2CD-140D-45C8-AA7E-679006AC315A}.Release|x86.Build.0 = Release|Any CPU
		{1A1436C3-1802-4BEE-B15A-130BC74FF5BF}.Debug|Any CPU.ActiveCfg = Debug|Any CPU
		{1A1436C3-1802-4BEE-B15A-130BC74FF5BF}.Debug|Any CPU.Build.0 = Debug|Any CPU
		{1A1436C3-1802-4BEE-B15A-130BC74FF5BF}.Debug|ARM.ActiveCfg = Debug|Any CPU
		{1A1436C3-1802-4BEE-B15A-130BC74FF5BF}.Debug|ARM.Build.0 = Debug|Any CPU
		{1A1436C3-1802-4BEE-B15A-130BC74FF5BF}.Debug|x64.ActiveCfg = Debug|Any CPU
		{1A1436C3-1802-4BEE-B15A-130BC74FF5BF}.Debug|x64.Build.0 = Debug|Any CPU
		{1A1436C3-1802-4BEE-B15A-130BC74FF5BF}.Debug|x86.ActiveCfg = Debug|Any CPU
		{1A1436C3-1802-4BEE-B15A-130BC74FF5BF}.Debug|x86.Build.0 = Debug|Any CPU
		{1A1436C3-1802-4BEE-B15A-130BC74FF5BF}.Release|Any CPU.ActiveCfg = Release|Any CPU
		{1A1436C3-1802-4BEE-B15A-130BC74FF5BF}.Release|Any CPU.Build.0 = Release|Any CPU
		{1A1436C3-1802-4BEE-B15A-130BC74FF5BF}.Release|ARM.ActiveCfg = Release|Any CPU
		{1A1436C3-1802-4BEE-B15A-130BC74FF5BF}.Release|ARM.Build.0 = Release|Any CPU
		{1A1436C3-1802-4BEE-B15A-130BC74FF5BF}.Release|x64.ActiveCfg = Release|Any CPU
		{1A1436C3-1802-4BEE-B15A-130BC74FF5BF}.Release|x64.Build.0 = Release|Any CPU
		{1A1436C3-1802-4BEE-B15A-130BC74FF5BF}.Release|x86.ActiveCfg = Release|Any CPU
		{1A1436C3-1802-4BEE-B15A-130BC74FF5BF}.Release|x86.Build.0 = Release|Any CPU
		{3ED24E4F-9FBB-4978-87C4-D13CCBE83908}.Debug|Any CPU.ActiveCfg = Debug|Any CPU
		{3ED24E4F-9FBB-4978-87C4-D13CCBE83908}.Debug|Any CPU.Build.0 = Debug|Any CPU
		{3ED24E4F-9FBB-4978-87C4-D13CCBE83908}.Debug|ARM.ActiveCfg = Debug|Any CPU
		{3ED24E4F-9FBB-4978-87C4-D13CCBE83908}.Debug|ARM.Build.0 = Debug|Any CPU
		{3ED24E4F-9FBB-4978-87C4-D13CCBE83908}.Debug|x64.ActiveCfg = Debug|Any CPU
		{3ED24E4F-9FBB-4978-87C4-D13CCBE83908}.Debug|x64.Build.0 = Debug|Any CPU
		{3ED24E4F-9FBB-4978-87C4-D13CCBE83908}.Debug|x86.ActiveCfg = Debug|Any CPU
		{3ED24E4F-9FBB-4978-87C4-D13CCBE83908}.Debug|x86.Build.0 = Debug|Any CPU
		{3ED24E4F-9FBB-4978-87C4-D13CCBE83908}.Release|Any CPU.ActiveCfg = Release|Any CPU
		{3ED24E4F-9FBB-4978-87C4-D13CCBE83908}.Release|Any CPU.Build.0 = Release|Any CPU
		{3ED24E4F-9FBB-4978-87C4-D13CCBE83908}.Release|ARM.ActiveCfg = Release|Any CPU
		{3ED24E4F-9FBB-4978-87C4-D13CCBE83908}.Release|ARM.Build.0 = Release|Any CPU
		{3ED24E4F-9FBB-4978-87C4-D13CCBE83908}.Release|x64.ActiveCfg = Release|Any CPU
		{3ED24E4F-9FBB-4978-87C4-D13CCBE83908}.Release|x64.Build.0 = Release|Any CPU
		{3ED24E4F-9FBB-4978-87C4-D13CCBE83908}.Release|x86.ActiveCfg = Release|Any CPU
		{3ED24E4F-9FBB-4978-87C4-D13CCBE83908}.Release|x86.Build.0 = Release|Any CPU
		{A828AE97-0E23-4B25-A03D-2929302C708D}.Debug|Any CPU.ActiveCfg = Debug|Any CPU
		{A828AE97-0E23-4B25-A03D-2929302C708D}.Debug|Any CPU.Build.0 = Debug|Any CPU
		{A828AE97-0E23-4B25-A03D-2929302C708D}.Debug|ARM.ActiveCfg = Debug|Any CPU
		{A828AE97-0E23-4B25-A03D-2929302C708D}.Debug|ARM.Build.0 = Debug|Any CPU
		{A828AE97-0E23-4B25-A03D-2929302C708D}.Debug|x64.ActiveCfg = Debug|Any CPU
		{A828AE97-0E23-4B25-A03D-2929302C708D}.Debug|x64.Build.0 = Debug|Any CPU
		{A828AE97-0E23-4B25-A03D-2929302C708D}.Debug|x86.ActiveCfg = Debug|Any CPU
		{A828AE97-0E23-4B25-A03D-2929302C708D}.Debug|x86.Build.0 = Debug|Any CPU
		{A828AE97-0E23-4B25-A03D-2929302C708D}.Release|Any CPU.ActiveCfg = Release|Any CPU
		{A828AE97-0E23-4B25-A03D-2929302C708D}.Release|Any CPU.Build.0 = Release|Any CPU
		{A828AE97-0E23-4B25-A03D-2929302C708D}.Release|ARM.ActiveCfg = Release|Any CPU
		{A828AE97-0E23-4B25-A03D-2929302C708D}.Release|ARM.Build.0 = Release|Any CPU
		{A828AE97-0E23-4B25-A03D-2929302C708D}.Release|x64.ActiveCfg = Release|Any CPU
		{A828AE97-0E23-4B25-A03D-2929302C708D}.Release|x64.Build.0 = Release|Any CPU
		{A828AE97-0E23-4B25-A03D-2929302C708D}.Release|x86.ActiveCfg = Release|Any CPU
		{A828AE97-0E23-4B25-A03D-2929302C708D}.Release|x86.Build.0 = Release|Any CPU
		{A0073790-A731-4301-9217-F4246832B300}.Debug|Any CPU.ActiveCfg = Debug|Any CPU
		{A0073790-A731-4301-9217-F4246832B300}.Debug|Any CPU.Build.0 = Debug|Any CPU
		{A0073790-A731-4301-9217-F4246832B300}.Debug|ARM.ActiveCfg = Debug|Any CPU
		{A0073790-A731-4301-9217-F4246832B300}.Debug|ARM.Build.0 = Debug|Any CPU
		{A0073790-A731-4301-9217-F4246832B300}.Debug|x64.ActiveCfg = Debug|Any CPU
		{A0073790-A731-4301-9217-F4246832B300}.Debug|x64.Build.0 = Debug|Any CPU
		{A0073790-A731-4301-9217-F4246832B300}.Debug|x86.ActiveCfg = Debug|Any CPU
		{A0073790-A731-4301-9217-F4246832B300}.Debug|x86.Build.0 = Debug|Any CPU
		{A0073790-A731-4301-9217-F4246832B300}.Release|Any CPU.ActiveCfg = Release|Any CPU
		{A0073790-A731-4301-9217-F4246832B300}.Release|Any CPU.Build.0 = Release|Any CPU
		{A0073790-A731-4301-9217-F4246832B300}.Release|ARM.ActiveCfg = Release|Any CPU
		{A0073790-A731-4301-9217-F4246832B300}.Release|ARM.Build.0 = Release|Any CPU
		{A0073790-A731-4301-9217-F4246832B300}.Release|x64.ActiveCfg = Release|Any CPU
		{A0073790-A731-4301-9217-F4246832B300}.Release|x64.Build.0 = Release|Any CPU
		{A0073790-A731-4301-9217-F4246832B300}.Release|x86.ActiveCfg = Release|Any CPU
		{A0073790-A731-4301-9217-F4246832B300}.Release|x86.Build.0 = Release|Any CPU
		{64643929-6FE4-4961-9C40-1D152D13255E}.Debug|Any CPU.ActiveCfg = Debug|Any CPU
		{64643929-6FE4-4961-9C40-1D152D13255E}.Debug|Any CPU.Build.0 = Debug|Any CPU
		{64643929-6FE4-4961-9C40-1D152D13255E}.Debug|ARM.ActiveCfg = Debug|Any CPU
		{64643929-6FE4-4961-9C40-1D152D13255E}.Debug|ARM.Build.0 = Debug|Any CPU
		{64643929-6FE4-4961-9C40-1D152D13255E}.Debug|x64.ActiveCfg = Debug|Any CPU
		{64643929-6FE4-4961-9C40-1D152D13255E}.Debug|x64.Build.0 = Debug|Any CPU
		{64643929-6FE4-4961-9C40-1D152D13255E}.Debug|x86.ActiveCfg = Debug|Any CPU
		{64643929-6FE4-4961-9C40-1D152D13255E}.Debug|x86.Build.0 = Debug|Any CPU
		{64643929-6FE4-4961-9C40-1D152D13255E}.Release|Any CPU.ActiveCfg = Release|Any CPU
		{64643929-6FE4-4961-9C40-1D152D13255E}.Release|Any CPU.Build.0 = Release|Any CPU
		{64643929-6FE4-4961-9C40-1D152D13255E}.Release|ARM.ActiveCfg = Release|Any CPU
		{64643929-6FE4-4961-9C40-1D152D13255E}.Release|ARM.Build.0 = Release|Any CPU
		{64643929-6FE4-4961-9C40-1D152D13255E}.Release|x64.ActiveCfg = Release|Any CPU
		{64643929-6FE4-4961-9C40-1D152D13255E}.Release|x64.Build.0 = Release|Any CPU
		{64643929-6FE4-4961-9C40-1D152D13255E}.Release|x86.ActiveCfg = Release|Any CPU
		{64643929-6FE4-4961-9C40-1D152D13255E}.Release|x86.Build.0 = Release|Any CPU
	EndGlobalSection
	GlobalSection(SolutionProperties) = preSolution
		HideSolutionNode = FALSE
	EndGlobalSection
	GlobalSection(ExtensibilityGlobals) = postSolution
		SolutionGuid = {10C0395A-2B22-44C5-AB97-3919B297756A}
	EndGlobalSection
EndGlobal
